
Microsoft Visual Studio Solution File, Format Version 12.00
# Visual Studio 15
Project("{FAE04EC0-301F-11D3-BF4B-00C04F79EFBC}") = "Assembly-CSharp", "Assembly-CSharp.csproj", "{BDF7C03A-F9B7-07CF-76A7-EDF4D5EDE686}"
EndProject
Global
	GlobalSection(SolutionConfigurationPlatforms) = preSolution
		Debug|Any CPU = Debug|Any CPU
		Release|Any CPU = Release|Any CPU
	EndGlobalSection
	GlobalSection(ProjectConfigurationPlatforms) = postSolution
		{BDF7C03A-F9B7-07CF-76A7-EDF4D5EDE686}.Debug|Any CPU.ActiveCfg = Debug|Any CPU
		{BDF7C03A-F9B7-07CF-76A7-EDF4D5EDE686}.Debug|Any CPU.Build.0 = Debug|Any CPU
		{BDF7C03A-F9B7-07CF-76A7-EDF4D5EDE686}.Release|Any CPU.ActiveCfg = Release|Any CPU
		{BDF7C03A-F9B7-07CF-76A7-EDF4D5EDE686}.Release|Any CPU.Build.0 = Release|Any CPU
	EndGlobalSection
	GlobalSection(SolutionProperties) = preSolution
		HideSolutionNode = FALSE
	EndGlobalSection
EndGlobal
